Microsoft Visual Studio Solution File, Format Version 7.00
Project("{8BC9CEB8-8B4A-11D0-8D11-00A0C91BC942}") = "Realm List Server", "Realm List ServerVS2002.vcproj", "{B866A46F-CCC7-47F7-9829-8F932B26441A}"
EndProject
Global
	GlobalSection(SolutionConfiguration) = preSolution
		ConfigName.0 = Debug
		ConfigName.1 = Release
	EndGlobalSection
	GlobalSection(ProjectDependencies) = postSolution
	EndGlobalSection
	GlobalSection(ProjectConfiguration) = postSolution
		{B866A46F-CCC7-47F7-9829-8F932B26441A}.Debug.ActiveCfg = Debug|Win32
		{B866A46F-CCC7-47F7-9829-8F932B26441A}.Debug.Build.0 = Debug|Win32
		{B866A46F-CCC7-47F7-9829-8F932B26441A}.Release.ActiveCfg = Release|Win32
		{B866A46F-CCC7-47F7-9829-8F932B26441A}.Release.Build.0 = Release|Win32
	EndGlobalSection
	GlobalSection(ExtensibilityGlobals) = postSolution
	EndGlobalSection
	GlobalSection(ExtensibilityAddIns) = postSolution
	EndGlobalSection
EndGlobal
