Microsoft Visual Studio Solution File, Format Version 9.00
# SharpDevelop 2.0.0.1462
Project("{FAE04EC0-301F-11D3-BF4B-00C04F79EFBC}") = "WowwoW", "WowwoW.csproj", "{97DE59C8-1DA9-43B7-A07F-F9FDB8678258}"
	ProjectSection(ProjectDependencies) = postProject
	EndProjectSection
EndProject
Global
	GlobalSection(SolutionConfigurationPlatforms) = preSolution
		Debug|Any CPU = Debug|Any CPU
		Release|Any CPU = Release|Any CPU
	EndGlobalSection
	GlobalSection(SolutionConfiguration) = preSolution
		Debug = Debug
		Release = Release
		Volhv = Volhv
	EndGlobalSection
	GlobalSection(ProjectConfiguration) = postSolution
		{97DE59C8-1DA9-43B7-A07F-F9FDB8678258}.Debug.ActiveCfg = Debug|.NET
		{97DE59C8-1DA9-43B7-A07F-F9FDB8678258}.Debug.Build.0 = Debug|.NET
		{97DE59C8-1DA9-43B7-A07F-F9FDB8678258}.Release.ActiveCfg = Release|.NET
		{97DE59C8-1DA9-43B7-A07F-F9FDB8678258}.Release.Build.0 = Release|.NET
		{97DE59C8-1DA9-43B7-A07F-F9FDB8678258}.Volhv.ActiveCfg = Volhv|.NET
		{97DE59C8-1DA9-43B7-A07F-F9FDB8678258}.Volhv.Build.0 = Volhv|.NET
	EndGlobalSection
	GlobalSection(ExtensibilityGlobals) = postSolution
	EndGlobalSection
	GlobalSection(ExtensibilityAddIns) = postSolution
	EndGlobalSection
	GlobalSection(ProjectConfigurationPlatforms) = postSolution
		{97DE59C8-1DA9-43B7-A07F-F9FDB8678258}.Debug|Any CPU.Build.0 = Debug|Any CPU
		{97DE59C8-1DA9-43B7-A07F-F9FDB8678258}.Debug|Any CPU.ActiveCfg = Debug|Any CPU
		{97DE59C8-1DA9-43B7-A07F-F9FDB8678258}.Release|Any CPU.Build.0 = Release|Any CPU
		{97DE59C8-1DA9-43B7-A07F-F9FDB8678258}.Release|Any CPU.ActiveCfg = Release|Any CPU
	EndGlobalSection
EndGlobal
