Microsoft Visual Studio Solution File, Format Version 8.00
Project("{F184B08F-C81C-45F6-A57F-5ABD9991F28F}") = "WorldServer", "WorldServer\WorldServer.VB7.vbproj", "{95F188B3-62F6-4C78-86EE-12329F33A2B4}"
	ProjectSection(ProjectDependencies) = postProject
	EndProjectSection
EndProject
Project("{F184B08F-C81C-45F6-A57F-5ABD9991F28F}") = "RealmServer", "RealmServer\RealmServer.VB7.vbproj", "{E253A5A8-7A8B-48C7-8F4D-BEC8E2F8010E}"
	ProjectSection(ProjectDependencies) = postProject
	EndProjectSection
EndProject
Global
	GlobalSection(SolutionConfiguration) = preSolution
		Debug = Debug
		Release = Release
	EndGlobalSection
	GlobalSection(ProjectConfiguration) = postSolution
		{95F188B3-62F6-4C78-86EE-12329F33A2B4}.Debug.ActiveCfg = Debug|.NET
		{95F188B3-62F6-4C78-86EE-12329F33A2B4}.Debug.Build.0 = Debug|.NET
		{95F188B3-62F6-4C78-86EE-12329F33A2B4}.Release.ActiveCfg = Release|.NET
		{95F188B3-62F6-4C78-86EE-12329F33A2B4}.Release.Build.0 = Release|.NET
	EndGlobalSection
	GlobalSection(ExtensibilityGlobals) = postSolution
	EndGlobalSection
	GlobalSection(ExtensibilityAddIns) = postSolution
	EndGlobalSection
EndGlobal
