Microsoft Visual Studio Solution File, Format Version 8.00
Project("{8BC9CEB8-8B4A-11D0-8D11-00A0C91BC942}") = "TownHall", "TownHallVS2003.vcproj", "{038F16E7-7AF2-4D3E-BA3D-FA22191B222F}"
EndProject
Global
	GlobalSection(SolutionConfiguration) = preSolution
		ConfigName.0 = Debug
		ConfigName.1 = Debug-TBC
		ConfigName.2 = Release
		ConfigName.3 = Release-TBC
	EndGlobalSection
	GlobalSection(ProjectDependencies) = postSolution
	EndGlobalSection
	GlobalSection(ProjectConfiguration) = postSolution
		{038F16E7-7AF2-4D3E-BA3D-FA22191B222F}.Debug.ActiveCfg = Debug|Win32
		{038F16E7-7AF2-4D3E-BA3D-FA22191B222F}.Debug.Build.0 = Debug|Win32
		{038F16E7-7AF2-4D3E-BA3D-FA22191B222F}.Debug-TBC.ActiveCfg = Debug-TBC|Win32
		{038F16E7-7AF2-4D3E-BA3D-FA22191B222F}.Debug-TBC.Build.0 = Debug-TBC|Win32
		{038F16E7-7AF2-4D3E-BA3D-FA22191B222F}.Release.ActiveCfg = Release|Win32
		{038F16E7-7AF2-4D3E-BA3D-FA22191B222F}.Release.Build.0 = Release|Win32
		{038F16E7-7AF2-4D3E-BA3D-FA22191B222F}.Release-TBC.ActiveCfg = Release-TBC|Win32
		{038F16E7-7AF2-4D3E-BA3D-FA22191B222F}.Release-TBC.Build.0 = Release-TBC|Win32
	EndGlobalSection
	GlobalSection(ExtensibilityGlobals) = postSolution
	EndGlobalSection
	GlobalSection(ExtensibilityAddIns) = postSolution
	EndGlobalSection
EndGlobal
