Microsoft Visual Studio Solution File, Format Version 8.00
Project("{8BC9CEB8-8B4A-11D0-8D11-00A0C91BC942}") = "wowd-sql", "wowd-sql.vcproj", "{AF5134F1-3769-4782-A74A-4FA4655C1EEB}"
	ProjectSection(ProjectDependencies) = postProject
	EndProjectSection
EndProject
Global
	GlobalSection(SolutionConfiguration) = preSolution
		Debug = Debug
		Release = Release
	EndGlobalSection
	GlobalSection(ProjectConfiguration) = postSolution
		{AF5134F1-3769-4782-A74A-4FA4655C1EEB}.Debug.ActiveCfg = Debug|Win32
		{AF5134F1-3769-4782-A74A-4FA4655C1EEB}.Debug.Build.0 = Debug|Win32
		{AF5134F1-3769-4782-A74A-4FA4655C1EEB}.Release.ActiveCfg = Release|Win32
		{AF5134F1-3769-4782-A74A-4FA4655C1EEB}.Release.Build.0 = Release|Win32
	EndGlobalSection
	GlobalSection(ExtensibilityGlobals) = postSolution
	EndGlobalSection
	GlobalSection(ExtensibilityAddIns) = postSolution
	EndGlobalSection
EndGlobal
