Microsoft Visual Studio Solution File, Format Version 8.00
Project("{8BC9CEB8-8B4A-11D0-8D11-00A0C91BC942}") = "NOPServer", "NOPServer.vcproj", "{0CB5EE36-03C2-4E3F-BD4D-37980FAD98B8}"
	ProjectSection(ProjectDependencies) = postProject
	EndProjectSection
EndProject
Global
	GlobalSection(SolutionConfiguration) = preSolution
		Debug = Debug
		Debug - Console = Debug - Console
		Release = Release
		Release-Console = Release-Console
	EndGlobalSection
	GlobalSection(ProjectConfiguration) = postSolution
		{0CB5EE36-03C2-4E3F-BD4D-37980FAD98B8}.Debug.ActiveCfg = Debug|Win32
		{0CB5EE36-03C2-4E3F-BD4D-37980FAD98B8}.Debug.Build.0 = Debug|Win32
		{0CB5EE36-03C2-4E3F-BD4D-37980FAD98B8}.Debug - Console.ActiveCfg = Debug - Console|Win32
		{0CB5EE36-03C2-4E3F-BD4D-37980FAD98B8}.Debug - Console.Build.0 = Debug - Console|Win32
		{0CB5EE36-03C2-4E3F-BD4D-37980FAD98B8}.Release.ActiveCfg = Release|Win32
		{0CB5EE36-03C2-4E3F-BD4D-37980FAD98B8}.Release.Build.0 = Release|Win32
		{0CB5EE36-03C2-4E3F-BD4D-37980FAD98B8}.Release-Console.ActiveCfg = Release-Console|Win32
		{0CB5EE36-03C2-4E3F-BD4D-37980FAD98B8}.Release-Console.Build.0 = Release-Console|Win32
	EndGlobalSection
	GlobalSection(ExtensibilityGlobals) = postSolution
	EndGlobalSection
	GlobalSection(ExtensibilityAddIns) = postSolution
	EndGlobalSection
EndGlobal
